
Microsoft Visual Studio Solution File, Format Version 12.00
# Visual Studio Version 17
VisualStudioVersion = 17.3.32929.385
MinimumVisualStudioVersion = 10.0.40219.1
Project("{FAE04EC0-301F-11D3-BF4B-00C04F79EFBC}") = "RabbitMQ.publisher", "RabbitMQ.publisher\RabbitMQ.publisher.csproj", "{80BE809A-0F5A-48EE-A43A-263A30786D05}"
EndProject
Project("{FAE04EC0-301F-11D3-BF4B-00C04F79EFBC}") = "RabbitMQ.subscriber", "RabbitMQ.subscriber\RabbitMQ.subscriber.csproj", "{52A76332-588C-41AC-AA5E-2263464FCFAF}"
EndProject
Global
	GlobalSection(SolutionConfigurationPlatforms) = preSolution
		Debug|Any CPU = Debug|Any CPU
		Release|Any CPU = Release|Any CPU
	EndGlobalSection
	GlobalSection(ProjectConfigurationPlatforms) = postSolution
		{80BE809A-0F5A-48EE-A43A-263A30786D05}.Debug|Any CPU.ActiveCfg = Debug|Any CPU
		{80BE809A-0F5A-48EE-A43A-263A30786D05}.Debug|Any CPU.Build.0 = Debug|Any CPU
		{80BE809A-0F5A-48EE-A43A-263A30786D05}.Release|Any CPU.ActiveCfg = Release|Any CPU
		{80BE809A-0F5A-48EE-A43A-263A30786D05}.Release|Any CPU.Build.0 = Release|Any CPU
		{52A76332-588C-41AC-AA5E-2263464FCFAF}.Debug|Any CPU.ActiveCfg = Debug|Any CPU
		{52A76332-588C-41AC-AA5E-2263464FCFAF}.Debug|Any CPU.Build.0 = Debug|Any CPU
		{52A76332-588C-41AC-AA5E-2263464FCFAF}.Release|Any CPU.ActiveCfg = Release|Any CPU
		{52A76332-588C-41AC-AA5E-2263464FCFAF}.Release|Any CPU.Build.0 = Release|Any CPU
	EndGlobalSection
	GlobalSection(SolutionProperties) = preSolution
		HideSolutionNode = FALSE
	EndGlobalSection
	GlobalSection(ExtensibilityGlobals) = postSolution
		SolutionGuid = {94075F44-9ABF-4E39-AE3F-04975EF785B6}
	EndGlobalSection
EndGlobal
